[
  {
    "repo_id": "kernels-community/quantization",
    "sha": "329999a39b1f1329972d2e478c5466b0464441a3",
    "files": [
      {
        "filename": "build/torch24-cxx11-cu118-x86_64-linux/quantization/__init__.py",
        "blob_id": "c3ab3b032c29f7bbafd549915dbc677c45a33837"
      },
      {
        "filename": "build/torch24-cxx11-cu118-x86_64-linux/quantization/_ops.py",
        "blob_id": "fc64e2f1be8e8c8c79acb4e85c43aceb317a50c6"
      },
      {
        "filename": "build/torch24-cxx11-cu118-x86_64-linux/quantization/_quantization_nikdbevszxcfa.abi3.so",
        "blob_id": "83c971b999a73e3802b2e2a52c9e52575c0f441d"
      },
      {
        "filename": "build/torch24-cxx11-cu118-x86_64-linux/quantization/compressed_tensors.py",
        "blob_id": "c3ba30bac87979a307fc5061a46f5d2cbf0efbf9"
      },
      {
        "filename": "build/torch24-cxx11-cu118-x86_64-linux/quantization/cutlass.py",
        "blob_id": "c378b846d0c59de183a321fcad4b403c47b3d750"
      },
      {
        "filename": "build/torch24-cxx11-cu118-x86_64-linux/quantization/marlin.py",
        "blob_id": "44d5d28a2fb67af955c017af3cf1403feeecbd32"
      },
      {
        "filename": "build/torch24-cxx11-cu118-x86_64-linux/quantization/scalar_type.py",
        "blob_id": "9d711b0debcd8aaa343818edc9d6bbca20587d0a"
      },
      {
        "filename": "build/torch24-cxx11-cu118-x86_64-linux/quantization/utils/__init__.py",
        "blob_id": "e69de29bb2d1d6434b8b29ae775ad8c2e48c5391"
      },
      {
        "filename": "build/torch24-cxx11-cu118-x86_64-linux/quantization/utils/marlin_utils.py",
        "blob_id": "b1c94c38858a5cd6f02eb134d1a94b99a2b15566"
      },
      {
        "filename": "build/torch24-cxx11-cu118-x86_64-linux/quantization/utils/marlin_utils_fp8.py",
        "blob_id": "b269fa6a4cee316e8299ecc86c3e7594b336b499"
      },
      {
        "filename": "build/torch24-cxx11-cu118-x86_64-linux/quantization/utils/marlin_utils_test.py",
        "blob_id": "7d4f5f3cfbb872bf7b32e0972d6143b43f354a5e"
      },
      {
        "filename": "build/torch24-cxx11-cu118-x86_64-linux/quantization/utils/marlin_utils_test_24.py",
        "blob_id": "927fa9016ba25f381c09d768db0c468066193a76"
      },
      {
        "filename": "build/torch24-cxx11-cu118-x86_64-linux/quantization/utils/marlin_utils_test_qqq.py",
        "blob_id": "cb58eb945836393c58c53f5c6d702d53861c33f9"
      },
      {
        "filename": "build/torch24-cxx11-cu118-x86_64-linux/quantization/utils/quant_utils.py",
        "blob_id": "d97e03913fa5980e0be73b160088c8e4f5f49a52"
      },
      {
        "filename": "build/torch24-cxx11-cu121-x86_64-linux/quantization/__init__.py",
        "blob_id": "c3ab3b032c29f7bbafd549915dbc677c45a33837"
      },
      {
        "filename": "build/torch24-cxx11-cu121-x86_64-linux/quantization/_ops.py",
        "blob_id": "2d997a763f85e5a06d8314ba639516e3480afbea"
      },
      {
        "filename": "build/torch24-cxx11-cu121-x86_64-linux/quantization/_quantization_uqov56fwnow5m.abi3.so",
        "blob_id": "c6c8af5c698fd6ceabee534d6f6fdcef0e1c75c6"
      },
      {
        "filename": "build/torch24-cxx11-cu121-x86_64-linux/quantization/compressed_tensors.py",
        "blob_id": "c3ba30bac87979a307fc5061a46f5d2cbf0efbf9"
      },
      {
        "filename": "build/torch24-cxx11-cu121-x86_64-linux/quantization/cutlass.py",
        "blob_id": "c378b846d0c59de183a321fcad4b403c47b3d750"
      },
      {
        "filename": "build/torch24-cxx11-cu121-x86_64-linux/quantization/marlin.py",
        "blob_id": "44d5d28a2fb67af955c017af3cf1403feeecbd32"
      },
      {
        "filename": "build/torch24-cxx11-cu121-x86_64-linux/quantization/scalar_type.py",
        "blob_id": "9d711b0debcd8aaa343818edc9d6bbca20587d0a"
      },
      {
        "filename": "build/torch24-cxx11-cu121-x86_64-linux/quantization/utils/__init__.py",
        "blob_id": "e69de29bb2d1d6434b8b29ae775ad8c2e48c5391"
      },
      {
        "filename": "build/torch24-cxx11-cu121-x86_64-linux/quantization/utils/marlin_utils.py",
        "blob_id": "b1c94c38858a5cd6f02eb134d1a94b99a2b15566"
      },
      {
        "filename": "build/torch24-cxx11-cu121-x86_64-linux/quantization/utils/marlin_utils_fp8.py",
        "blob_id": "b269fa6a4cee316e8299ecc86c3e7594b336b499"
      },
      {
        "filename": "build/torch24-cxx11-cu121-x86_64-linux/quantization/utils/marlin_utils_test.py",
        "blob_id": "7d4f5f3cfbb872bf7b32e0972d6143b43f354a5e"
      },
      {
        "filename": "build/torch24-cxx11-cu121-x86_64-linux/quantization/utils/marlin_utils_test_24.py",
        "blob_id": "927fa9016ba25f381c09d768db0c468066193a76"
      },
      {
        "filename": "build/torch24-cxx11-cu121-x86_64-linux/quantization/utils/marlin_utils_test_qqq.py",
        "blob_id": "cb58eb945836393c58c53f5c6d702d53861c33f9"
      },
      {
        "filename": "build/torch24-cxx11-cu121-x86_64-linux/quantization/utils/quant_utils.py",
        "blob_id": "d97e03913fa5980e0be73b160088c8e4f5f49a52"
      },
      {
        "filename": "build/torch24-cxx11-cu124-x86_64-linux/quantization/__init__.py",
        "blob_id": "c3ab3b032c29f7bbafd549915dbc677c45a33837"
      },
      {
        "filename": "build/torch24-cxx11-cu124-x86_64-linux/quantization/_ops.py",
        "blob_id": "55fe31652a63808926dfc4f8121624a58ac70127"
      },
      {
        "filename": "build/torch24-cxx11-cu124-x86_64-linux/quantization/_quantization_fsprdzcdnww3s.abi3.so",
        "blob_id": "44c36167d50fc259a9bcddd096f17b5753b4aa06"
      },
      {
        "filename": "build/torch24-cxx11-cu124-x86_64-linux/quantization/compressed_tensors.py",
        "blob_id": "c3ba30bac87979a307fc5061a46f5d2cbf0efbf9"
      },
      {
        "filename": "build/torch24-cxx11-cu124-x86_64-linux/quantization/cutlass.py",
        "blob_id": "c378b846d0c59de183a321fcad4b403c47b3d750"
      },
      {
        "filename": "build/torch24-cxx11-cu124-x86_64-linux/quantization/marlin.py",
        "blob_id": "44d5d28a2fb67af955c017af3cf1403feeecbd32"
      },
      {
        "filename": "build/torch24-cxx11-cu124-x86_64-linux/quantization/scalar_type.py",
        "blob_id": "9d711b0debcd8aaa343818edc9d6bbca20587d0a"
      },
      {
        "filename": "build/torch24-cxx11-cu124-x86_64-linux/quantization/utils/__init__.py",
        "blob_id": "e69de29bb2d1d6434b8b29ae775ad8c2e48c5391"
      },
      {
        "filename": "build/torch24-cxx11-cu124-x86_64-linux/quantization/utils/marlin_utils.py",
        "blob_id": "b1c94c38858a5cd6f02eb134d1a94b99a2b15566"
      },
      {
        "filename": "build/torch24-cxx11-cu124-x86_64-linux/quantization/utils/marlin_utils_fp8.py",
        "blob_id": "b269fa6a4cee316e8299ecc86c3e7594b336b499"
      },
      {
        "filename": "build/torch24-cxx11-cu124-x86_64-linux/quantization/utils/marlin_utils_test.py",
        "blob_id": "7d4f5f3cfbb872bf7b32e0972d6143b43f354a5e"
      },
      {
        "filename": "build/torch24-cxx11-cu124-x86_64-linux/quantization/utils/marlin_utils_test_24.py",
        "blob_id": "927fa9016ba25f381c09d768db0c468066193a76"
      },
      {
        "filename": "build/torch24-cxx11-cu124-x86_64-linux/quantization/utils/marlin_utils_test_qqq.py",
        "blob_id": "cb58eb945836393c58c53f5c6d702d53861c33f9"
      },
      {
        "filename": "build/torch24-cxx11-cu124-x86_64-linux/quantization/utils/quant_utils.py",
        "blob_id": "d97e03913fa5980e0be73b160088c8e4f5f49a52"
      },
      {
        "filename": "build/torch24-cxx98-cu118-x86_64-linux/quantization/__init__.py",
        "blob_id": "c3ab3b032c29f7bbafd549915dbc677c45a33837"
      },
      {
        "filename": "build/torch24-cxx98-cu118-x86_64-linux/quantization/_ops.py",
        "blob_id": "7a17663ca7f3ca9a384f37596cde7d40d27e8abb"
      },
      {
        "filename": "build/torch24-cxx98-cu118-x86_64-linux/quantization/_quantization_3atrjdvtz7xxc.abi3.so",
        "blob_id": "9580cfcf2ecf031764586c88bf923cb1033c26e7"
      },
      {
        "filename": "build/torch24-cxx98-cu118-x86_64-linux/quantization/compressed_tensors.py",
        "blob_id": "c3ba30bac87979a307fc5061a46f5d2cbf0efbf9"
      },
      {
        "filename": "build/torch24-cxx98-cu118-x86_64-linux/quantization/cutlass.py",
        "blob_id": "c378b846d0c59de183a321fcad4b403c47b3d750"
      },
      {
        "filename": "build/torch24-cxx98-cu118-x86_64-linux/quantization/marlin.py",
        "blob_id": "44d5d28a2fb67af955c017af3cf1403feeecbd32"
      },
      {
        "filename": "build/torch24-cxx98-cu118-x86_64-linux/quantization/scalar_type.py",
        "blob_id": "9d711b0debcd8aaa343818edc9d6bbca20587d0a"
      },
      {
        "filename": "build/torch24-cxx98-cu118-x86_64-linux/quantization/utils/__init__.py",
        "blob_id": "e69de29bb2d1d6434b8b29ae775ad8c2e48c5391"
      },
      {
        "filename": "build/torch24-cxx98-cu118-x86_64-linux/quantization/utils/marlin_utils.py",
        "blob_id": "b1c94c38858a5cd6f02eb134d1a94b99a2b15566"
      },
      {
        "filename": "build/torch24-cxx98-cu118-x86_64-linux/quantization/utils/marlin_utils_fp8.py",
        "blob_id": "b269fa6a4cee316e8299ecc86c3e7594b336b499"
      },
      {
        "filename": "build/torch24-cxx98-cu118-x86_64-linux/quantization/utils/marlin_utils_test.py",
        "blob_id": "7d4f5f3cfbb872bf7b32e0972d6143b43f354a5e"
      },
      {
        "filename": "build/torch24-cxx98-cu118-x86_64-linux/quantization/utils/marlin_utils_test_24.py",
        "blob_id": "927fa9016ba25f381c09d768db0c468066193a76"
      },
      {
        "filename": "build/torch24-cxx98-cu118-x86_64-linux/quantization/utils/marlin_utils_test_qqq.py",
        "blob_id": "cb58eb945836393c58c53f5c6d702d53861c33f9"
      },
      {
        "filename": "build/torch24-cxx98-cu118-x86_64-linux/quantization/utils/quant_utils.py",
        "blob_id": "d97e03913fa5980e0be73b160088c8e4f5f49a52"
      },
      {
        "filename": "build/torch24-cxx98-cu121-x86_64-linux/quantization/__init__.py",
        "blob_id": "c3ab3b032c29f7bbafd549915dbc677c45a33837"
      },
      {
        "filename": "build/torch24-cxx98-cu121-x86_64-linux/quantization/_ops.py",
        "blob_id": "36513c1a6720abd21530e214cb95be46c8765f31"
      },
      {
        "filename": "build/torch24-cxx98-cu121-x86_64-linux/quantization/_quantization_ni5tfi7up4a5a.abi3.so",
        "blob_id": "dc46548259a6007c83a21fb2beb4d54373e27c2c"
      },
      {
        "filename": "build/torch24-cxx98-cu121-x86_64-linux/quantization/compressed_tensors.py",
        "blob_id": "c3ba30bac87979a307fc5061a46f5d2cbf0efbf9"
      },
      {
        "filename": "build/torch24-cxx98-cu121-x86_64-linux/quantization/cutlass.py",
        "blob_id": "c378b846d0c59de183a321fcad4b403c47b3d750"
      },
      {
        "filename": "build/torch24-cxx98-cu121-x86_64-linux/quantization/marlin.py",
        "blob_id": "44d5d28a2fb67af955c017af3cf1403feeecbd32"
      },
      {
        "filename": "build/torch24-cxx98-cu121-x86_64-linux/quantization/scalar_type.py",
        "blob_id": "9d711b0debcd8aaa343818edc9d6bbca20587d0a"
      },
      {
        "filename": "build/torch24-cxx98-cu121-x86_64-linux/quantization/utils/__init__.py",
        "blob_id": "e69de29bb2d1d6434b8b29ae775ad8c2e48c5391"
      },
      {
        "filename": "build/torch24-cxx98-cu121-x86_64-linux/quantization/utils/marlin_utils.py",
        "blob_id": "b1c94c38858a5cd6f02eb134d1a94b99a2b15566"
      },
      {
        "filename": "build/torch24-cxx98-cu121-x86_64-linux/quantization/utils/marlin_utils_fp8.py",
        "blob_id": "b269fa6a4cee316e8299ecc86c3e7594b336b499"
      },
      {
        "filename": "build/torch24-cxx98-cu121-x86_64-linux/quantization/utils/marlin_utils_test.py",
        "blob_id": "7d4f5f3cfbb872bf7b32e0972d6143b43f354a5e"
      },
      {
        "filename": "build/torch24-cxx98-cu121-x86_64-linux/quantization/utils/marlin_utils_test_24.py",
        "blob_id": "927fa9016ba25f381c09d768db0c468066193a76"
      },
      {
        "filename": "build/torch24-cxx98-cu121-x86_64-linux/quantization/utils/marlin_utils_test_qqq.py",
        "blob_id": "cb58eb945836393c58c53f5c6d702d53861c33f9"
      },
      {
        "filename": "build/torch24-cxx98-cu121-x86_64-linux/quantization/utils/quant_utils.py",
        "blob_id": "d97e03913fa5980e0be73b160088c8e4f5f49a52"
      },
      {
        "filename": "build/torch24-cxx98-cu124-x86_64-linux/quantization/__init__.py",
        "blob_id": "c3ab3b032c29f7bbafd549915dbc677c45a33837"
      },
      {
        "filename": "build/torch24-cxx98-cu124-x86_64-linux/quantization/_ops.py",
        "blob_id": "7292bace29cb7b73f20e18617bdf132eddbf5151"
      },
      {
        "filename": "build/torch24-cxx98-cu124-x86_64-linux/quantization/_quantization_ydkmqrh62v5ym.abi3.so",
        "blob_id": "8a22e3667dac661b0dc38aefb8747a7b94f02582"
      },
      {
        "filename": "build/torch24-cxx98-cu124-x86_64-linux/quantization/compressed_tensors.py",
        "blob_id": "c3ba30bac87979a307fc5061a46f5d2cbf0efbf9"
      },
      {
        "filename": "build/torch24-cxx98-cu124-x86_64-linux/quantization/cutlass.py",
        "blob_id": "c378b846d0c59de183a321fcad4b403c47b3d750"
      },
      {
        "filename": "build/torch24-cxx98-cu124-x86_64-linux/quantization/marlin.py",
        "blob_id": "44d5d28a2fb67af955c017af3cf1403feeecbd32"
      },
      {
        "filename": "build/torch24-cxx98-cu124-x86_64-linux/quantization/scalar_type.py",
        "blob_id": "9d711b0debcd8aaa343818edc9d6bbca20587d0a"
      },
      {
        "filename": "build/torch24-cxx98-cu124-x86_64-linux/quantization/utils/__init__.py",
        "blob_id": "e69de29bb2d1d6434b8b29ae775ad8c2e48c5391"
      },
      {
        "filename": "build/torch24-cxx98-cu124-x86_64-linux/quantization/utils/marlin_utils.py",
        "blob_id": "b1c94c38858a5cd6f02eb134d1a94b99a2b15566"
      },
      {
        "filename": "build/torch24-cxx98-cu124-x86_64-linux/quantization/utils/marlin_utils_fp8.py",
        "blob_id": "b269fa6a4cee316e8299ecc86c3e7594b336b499"
      },
      {
        "filename": "build/torch24-cxx98-cu124-x86_64-linux/quantization/utils/marlin_utils_test.py",
        "blob_id": "7d4f5f3cfbb872bf7b32e0972d6143b43f354a5e"
      },
      {
        "filename": "build/torch24-cxx98-cu124-x86_64-linux/quantization/utils/marlin_utils_test_24.py",
        "blob_id": "927fa9016ba25f381c09d768db0c468066193a76"
      },
      {
        "filename": "build/torch24-cxx98-cu124-x86_64-linux/quantization/utils/marlin_utils_test_qqq.py",
        "blob_id": "cb58eb945836393c58c53f5c6d702d53861c33f9"
      },
      {
        "filename": "build/torch24-cxx98-cu124-x86_64-linux/quantization/utils/quant_utils.py",
        "blob_id": "d97e03913fa5980e0be73b160088c8e4f5f49a52"
      },
      {
        "filename": "build/torch25-cxx11-cu118-x86_64-linux/quantization/__init__.py",
        "blob_id": "c3ab3b032c29f7bbafd549915dbc677c45a33837"
      },
      {
        "filename": "build/torch25-cxx11-cu118-x86_64-linux/quantization/_ops.py",
        "blob_id": "16ab5cbbb5c096fd8b4ef2a774778d69b41ebeb7"
      },
      {
        "filename": "build/torch25-cxx11-cu118-x86_64-linux/quantization/_quantization_2upd4ndb7oxlw.abi3.so",
        "blob_id": "5fd1c287bcdcbb26aae4536dbc7e2e2a4142c672"
      },
      {
        "filename": "build/torch25-cxx11-cu118-x86_64-linux/quantization/compressed_tensors.py",
        "blob_id": "c3ba30bac87979a307fc5061a46f5d2cbf0efbf9"
      },
      {
        "filename": "build/torch25-cxx11-cu118-x86_64-linux/quantization/cutlass.py",
        "blob_id": "c378b846d0c59de183a321fcad4b403c47b3d750"
      },
      {
        "filename": "build/torch25-cxx11-cu118-x86_64-linux/quantization/marlin.py",
        "blob_id": "44d5d28a2fb67af955c017af3cf1403feeecbd32"
      },
      {
        "filename": "build/torch25-cxx11-cu118-x86_64-linux/quantization/scalar_type.py",
        "blob_id": "9d711b0debcd8aaa343818edc9d6bbca20587d0a"
      },
      {
        "filename": "build/torch25-cxx11-cu118-x86_64-linux/quantization/utils/__init__.py",
        "blob_id": "e69de29bb2d1d6434b8b29ae775ad8c2e48c5391"
      },
      {
        "filename": "build/torch25-cxx11-cu118-x86_64-linux/quantization/utils/marlin_utils.py",
        "blob_id": "b1c94c38858a5cd6f02eb134d1a94b99a2b15566"
      },
      {
        "filename": "build/torch25-cxx11-cu118-x86_64-linux/quantization/utils/marlin_utils_fp8.py",
        "blob_id": "b269fa6a4cee316e8299ecc86c3e7594b336b499"
      },
      {
        "filename": "build/torch25-cxx11-cu118-x86_64-linux/quantization/utils/marlin_utils_test.py",
        "blob_id": "7d4f5f3cfbb872bf7b32e0972d6143b43f354a5e"
      },
      {
        "filename": "build/torch25-cxx11-cu118-x86_64-linux/quantization/utils/marlin_utils_test_24.py",
        "blob_id": "927fa9016ba25f381c09d768db0c468066193a76"
      },
      {
        "filename": "build/torch25-cxx11-cu118-x86_64-linux/quantization/utils/marlin_utils_test_qqq.py",
        "blob_id": "cb58eb945836393c58c53f5c6d702d53861c33f9"
      },
      {
        "filename": "build/torch25-cxx11-cu118-x86_64-linux/quantization/utils/quant_utils.py",
        "blob_id": "d97e03913fa5980e0be73b160088c8e4f5f49a52"
      },
      {
        "filename": "build/torch25-cxx11-cu121-x86_64-linux/quantization/__init__.py",
        "blob_id": "c3ab3b032c29f7bbafd549915dbc677c45a33837"
      },
      {
        "filename": "build/torch25-cxx11-cu121-x86_64-linux/quantization/_ops.py",
        "blob_id": "d46aed00defa6d8ebb2eae3489f6615b236cd9c3"
      },
      {
        "filename": "build/torch25-cxx11-cu121-x86_64-linux/quantization/_quantization_srrzik3uw7tac.abi3.so",
        "blob_id": "bf391756a4554227510604235c9b356f423b4270"
      },
      {
        "filename": "build/torch25-cxx11-cu121-x86_64-linux/quantization/compressed_tensors.py",
        "blob_id": "c3ba30bac87979a307fc5061a46f5d2cbf0efbf9"
      },
      {
        "filename": "build/torch25-cxx11-cu121-x86_64-linux/quantization/cutlass.py",
        "blob_id": "c378b846d0c59de183a321fcad4b403c47b3d750"
      },
      {
        "filename": "build/torch25-cxx11-cu121-x86_64-linux/quantization/marlin.py",
        "blob_id": "44d5d28a2fb67af955c017af3cf1403feeecbd32"
      },
      {
        "filename": "build/torch25-cxx11-cu121-x86_64-linux/quantization/scalar_type.py",
        "blob_id": "9d711b0debcd8aaa343818edc9d6bbca20587d0a"
      },
      {
        "filename": "build/torch25-cxx11-cu121-x86_64-linux/quantization/utils/__init__.py",
        "blob_id": "e69de29bb2d1d6434b8b29ae775ad8c2e48c5391"
      },
      {
        "filename": "build/torch25-cxx11-cu121-x86_64-linux/quantization/utils/marlin_utils.py",
        "blob_id": "b1c94c38858a5cd6f02eb134d1a94b99a2b15566"
      },
      {
        "filename": "build/torch25-cxx11-cu121-x86_64-linux/quantization/utils/marlin_utils_fp8.py",
        "blob_id": "b269fa6a4cee316e8299ecc86c3e7594b336b499"
      },
      {
        "filename": "build/torch25-cxx11-cu121-x86_64-linux/quantization/utils/marlin_utils_test.py",
        "blob_id": "7d4f5f3cfbb872bf7b32e0972d6143b43f354a5e"
      },
      {
        "filename": "build/torch25-cxx11-cu121-x86_64-linux/quantization/utils/marlin_utils_test_24.py",
        "blob_id": "927fa9016ba25f381c09d768db0c468066193a76"
      },
      {
        "filename": "build/torch25-cxx11-cu121-x86_64-linux/quantization/utils/marlin_utils_test_qqq.py",
        "blob_id": "cb58eb945836393c58c53f5c6d702d53861c33f9"
      },
      {
        "filename": "build/torch25-cxx11-cu121-x86_64-linux/quantization/utils/quant_utils.py",
        "blob_id": "d97e03913fa5980e0be73b160088c8e4f5f49a52"
      },
      {
        "filename": "build/torch25-cxx11-cu124-x86_64-linux/quantization/__init__.py",
        "blob_id": "c3ab3b032c29f7bbafd549915dbc677c45a33837"
      },
      {
        "filename": "build/torch25-cxx11-cu124-x86_64-linux/quantization/_ops.py",
        "blob_id": "028a3e5cd871b9a0044a25489a4a0902d95ec229"
      },
      {
        "filename": "build/torch25-cxx11-cu124-x86_64-linux/quantization/_quantization_jotyxqrlkrs6e.abi3.so",
        "blob_id": "de00fd61cc6c9d11d0db7a400feb5f3fe2ff33bb"
      },
      {
        "filename": "build/torch25-cxx11-cu124-x86_64-linux/quantization/compressed_tensors.py",
        "blob_id": "c3ba30bac87979a307fc5061a46f5d2cbf0efbf9"
      },
      {
        "filename": "build/torch25-cxx11-cu124-x86_64-linux/quantization/cutlass.py",
        "blob_id": "c378b846d0c59de183a321fcad4b403c47b3d750"
      },
      {
        "filename": "build/torch25-cxx11-cu124-x86_64-linux/quantization/marlin.py",
        "blob_id": "44d5d28a2fb67af955c017af3cf1403feeecbd32"
      },
      {
        "filename": "build/torch25-cxx11-cu124-x86_64-linux/quantization/scalar_type.py",
        "blob_id": "9d711b0debcd8aaa343818edc9d6bbca20587d0a"
      },
      {
        "filename": "build/torch25-cxx11-cu124-x86_64-linux/quantization/utils/__init__.py",
        "blob_id": "e69de29bb2d1d6434b8b29ae775ad8c2e48c5391"
      },
      {
        "filename": "build/torch25-cxx11-cu124-x86_64-linux/quantization/utils/marlin_utils.py",
        "blob_id": "b1c94c38858a5cd6f02eb134d1a94b99a2b15566"
      },
      {
        "filename": "build/torch25-cxx11-cu124-x86_64-linux/quantization/utils/marlin_utils_fp8.py",
        "blob_id": "b269fa6a4cee316e8299ecc86c3e7594b336b499"
      },
      {
        "filename": "build/torch25-cxx11-cu124-x86_64-linux/quantization/utils/marlin_utils_test.py",
        "blob_id": "7d4f5f3cfbb872bf7b32e0972d6143b43f354a5e"
      },
      {
        "filename": "build/torch25-cxx11-cu124-x86_64-linux/quantization/utils/marlin_utils_test_24.py",
        "blob_id": "927fa9016ba25f381c09d768db0c468066193a76"
      },
      {
        "filename": "build/torch25-cxx11-cu124-x86_64-linux/quantization/utils/marlin_utils_test_qqq.py",
        "blob_id": "cb58eb945836393c58c53f5c6d702d53861c33f9"
      },
      {
        "filename": "build/torch25-cxx11-cu124-x86_64-linux/quantization/utils/quant_utils.py",
        "blob_id": "d97e03913fa5980e0be73b160088c8e4f5f49a52"
      },
      {
        "filename": "build/torch25-cxx98-cu118-x86_64-linux/quantization/__init__.py",
        "blob_id": "c3ab3b032c29f7bbafd549915dbc677c45a33837"
      },
      {
        "filename": "build/torch25-cxx98-cu118-x86_64-linux/quantization/_ops.py",
        "blob_id": "a01b8fc5fefec490194fe5244e70055c47c1eb7b"
      },
      {
        "filename": "build/torch25-cxx98-cu118-x86_64-linux/quantization/_quantization_nxw74vvv2coka.abi3.so",
        "blob_id": "d536e2ac72e5baf6f3537e3aadc24f57551a1dc5"
      },
      {
        "filename": "build/torch25-cxx98-cu118-x86_64-linux/quantization/compressed_tensors.py",
        "blob_id": "c3ba30bac87979a307fc5061a46f5d2cbf0efbf9"
      },
      {
        "filename": "build/torch25-cxx98-cu118-x86_64-linux/quantization/cutlass.py",
        "blob_id": "c378b846d0c59de183a321fcad4b403c47b3d750"
      },
      {
        "filename": "build/torch25-cxx98-cu118-x86_64-linux/quantization/marlin.py",
        "blob_id": "44d5d28a2fb67af955c017af3cf1403feeecbd32"
      },
      {
        "filename": "build/torch25-cxx98-cu118-x86_64-linux/quantization/scalar_type.py",
        "blob_id": "9d711b0debcd8aaa343818edc9d6bbca20587d0a"
      },
      {
        "filename": "build/torch25-cxx98-cu118-x86_64-linux/quantization/utils/__init__.py",
        "blob_id": "e69de29bb2d1d6434b8b29ae775ad8c2e48c5391"
      },
      {
        "filename": "build/torch25-cxx98-cu118-x86_64-linux/quantization/utils/marlin_utils.py",
        "blob_id": "b1c94c38858a5cd6f02eb134d1a94b99a2b15566"
      },
      {
        "filename": "build/torch25-cxx98-cu118-x86_64-linux/quantization/utils/marlin_utils_fp8.py",
        "blob_id": "b269fa6a4cee316e8299ecc86c3e7594b336b499"
      },
      {
        "filename": "build/torch25-cxx98-cu118-x86_64-linux/quantization/utils/marlin_utils_test.py",
        "blob_id": "7d4f5f3cfbb872bf7b32e0972d6143b43f354a5e"
      },
      {
        "filename": "build/torch25-cxx98-cu118-x86_64-linux/quantization/utils/marlin_utils_test_24.py",
        "blob_id": "927fa9016ba25f381c09d768db0c468066193a76"
      },
      {
        "filename": "build/torch25-cxx98-cu118-x86_64-linux/quantization/utils/marlin_utils_test_qqq.py",
        "blob_id": "cb58eb945836393c58c53f5c6d702d53861c33f9"
      },
      {
        "filename": "build/torch25-cxx98-cu118-x86_64-linux/quantization/utils/quant_utils.py",
        "blob_id": "d97e03913fa5980e0be73b160088c8e4f5f49a52"
      },
      {
        "filename": "build/torch25-cxx98-cu121-x86_64-linux/quantization/__init__.py",
        "blob_id": "c3ab3b032c29f7bbafd549915dbc677c45a33837"
      },
      {
        "filename": "build/torch25-cxx98-cu121-x86_64-linux/quantization/_ops.py",
        "blob_id": "3a4ef6a12f4eef0b3383338788645fafa9a9661e"
      },
      {
        "filename": "build/torch25-cxx98-cu121-x86_64-linux/quantization/_quantization_7fvkxfdjondcu.abi3.so",
        "blob_id": "c0a36487f427f3c55fb8965a5b65147bc9e8cef6"
      },
      {
        "filename": "build/torch25-cxx98-cu121-x86_64-linux/quantization/compressed_tensors.py",
        "blob_id": "c3ba30bac87979a307fc5061a46f5d2cbf0efbf9"
      },
      {
        "filename": "build/torch25-cxx98-cu121-x86_64-linux/quantization/cutlass.py",
        "blob_id": "c378b846d0c59de183a321fcad4b403c47b3d750"
      },
      {
        "filename": "build/torch25-cxx98-cu121-x86_64-linux/quantization/marlin.py",
        "blob_id": "44d5d28a2fb67af955c017af3cf1403feeecbd32"
      },
      {
        "filename": "build/torch25-cxx98-cu121-x86_64-linux/quantization/scalar_type.py",
        "blob_id": "9d711b0debcd8aaa343818edc9d6bbca20587d0a"
      },
      {
        "filename": "build/torch25-cxx98-cu121-x86_64-linux/quantization/utils/__init__.py",
        "blob_id": "e69de29bb2d1d6434b8b29ae775ad8c2e48c5391"
      },
      {
        "filename": "build/torch25-cxx98-cu121-x86_64-linux/quantization/utils/marlin_utils.py",
        "blob_id": "b1c94c38858a5cd6f02eb134d1a94b99a2b15566"
      },
      {
        "filename": "build/torch25-cxx98-cu121-x86_64-linux/quantization/utils/marlin_utils_fp8.py",
        "blob_id": "b269fa6a4cee316e8299ecc86c3e7594b336b499"
      },
      {
        "filename": "build/torch25-cxx98-cu121-x86_64-linux/quantization/utils/marlin_utils_test.py",
        "blob_id": "7d4f5f3cfbb872bf7b32e0972d6143b43f354a5e"
      },
      {
        "filename": "build/torch25-cxx98-cu121-x86_64-linux/quantization/utils/marlin_utils_test_24.py",
        "blob_id": "927fa9016ba25f381c09d768db0c468066193a76"
      },
      {
        "filename": "build/torch25-cxx98-cu121-x86_64-linux/quantization/utils/marlin_utils_test_qqq.py",
        "blob_id": "cb58eb945836393c58c53f5c6d702d53861c33f9"
      },
      {
        "filename": "build/torch25-cxx98-cu121-x86_64-linux/quantization/utils/quant_utils.py",
        "blob_id": "d97e03913fa5980e0be73b160088c8e4f5f49a52"
      },
      {
        "filename": "build/torch25-cxx98-cu124-x86_64-linux/quantization/__init__.py",
        "blob_id": "c3ab3b032c29f7bbafd549915dbc677c45a33837"
      },
      {
        "filename": "build/torch25-cxx98-cu124-x86_64-linux/quantization/_ops.py",
        "blob_id": "a424f0f1664801162e520d128baddadd317dfa68"
      },
      {
        "filename": "build/torch25-cxx98-cu124-x86_64-linux/quantization/_quantization_cf2wponrik3xk.abi3.so",
        "blob_id": "2ce34c9cd1a364ee5064d18b2cb92e21e3c2fc52"
      },
      {
        "filename": "build/torch25-cxx98-cu124-x86_64-linux/quantization/compressed_tensors.py",
        "blob_id": "c3ba30bac87979a307fc5061a46f5d2cbf0efbf9"
      },
      {
        "filename": "build/torch25-cxx98-cu124-x86_64-linux/quantization/cutlass.py",
        "blob_id": "c378b846d0c59de183a321fcad4b403c47b3d750"
      },
      {
        "filename": "build/torch25-cxx98-cu124-x86_64-linux/quantization/marlin.py",
        "blob_id": "44d5d28a2fb67af955c017af3cf1403feeecbd32"
      },
      {
        "filename": "build/torch25-cxx98-cu124-x86_64-linux/quantization/scalar_type.py",
        "blob_id": "9d711b0debcd8aaa343818edc9d6bbca20587d0a"
      },
      {
        "filename": "build/torch25-cxx98-cu124-x86_64-linux/quantization/utils/__init__.py",
        "blob_id": "e69de29bb2d1d6434b8b29ae775ad8c2e48c5391"
      },
      {
        "filename": "build/torch25-cxx98-cu124-x86_64-linux/quantization/utils/marlin_utils.py",
        "blob_id": "b1c94c38858a5cd6f02eb134d1a94b99a2b15566"
      },
      {
        "filename": "build/torch25-cxx98-cu124-x86_64-linux/quantization/utils/marlin_utils_fp8.py",
        "blob_id": "b269fa6a4cee316e8299ecc86c3e7594b336b499"
      },
      {
        "filename": "build/torch25-cxx98-cu124-x86_64-linux/quantization/utils/marlin_utils_test.py",
        "blob_id": "7d4f5f3cfbb872bf7b32e0972d6143b43f354a5e"
      },
      {
        "filename": "build/torch25-cxx98-cu124-x86_64-linux/quantization/utils/marlin_utils_test_24.py",
        "blob_id": "927fa9016ba25f381c09d768db0c468066193a76"
      },
      {
        "filename": "build/torch25-cxx98-cu124-x86_64-linux/quantization/utils/marlin_utils_test_qqq.py",
        "blob_id": "cb58eb945836393c58c53f5c6d702d53861c33f9"
      },
      {
        "filename": "build/torch25-cxx98-cu124-x86_64-linux/quantization/utils/quant_utils.py",
        "blob_id": "d97e03913fa5980e0be73b160088c8e4f5f49a52"
      }
    ]
  }
]