[
  {
    "repo_id": "mohitsha/aiter_pa",
    "sha": "9d659f412b2196d733f5e3dd2e236167e34487ae",
    "variants": {
      "torch27-cxx11-rocm63-x86_64-linux": {
        "hash": "sha256-7232783fcb3a77030f261a1a0a461ebbf3779c2a9cf57f1af85365cb7d6c2148",
        "hash_type": "git_lfs_concat"
      }
    }
  }
]